
Microsoft Visual Studio Solution File, Format Version 12.00
Project("{FAE04EC0-301F-11D3-BF4B-00C04F79EFBC}") = "MessagePublisher", "MessagePublisher\MessagePublisher.csproj", "{CA4A37B7-D8D2-4877-9007-B08CDC3FCFE5}"
EndProject
Project("{FAE04EC0-301F-11D3-BF4B-00C04F79EFBC}") = "WsjtxUdpLib", "WsjtxUdpLib\WsjtxUdpLib.csproj", "{1CA8E085-E0B7-4A0E-B294-EE77EDA06B43}"
EndProject
Global
	GlobalSection(SolutionConfigurationPlatforms) = preSolution
		Debug|Any CPU = Debug|Any CPU
		Release|Any CPU = Release|Any CPU
	EndGlobalSection
	GlobalSection(ProjectConfigurationPlatforms) = postSolution
		{CA4A37B7-D8D2-4877-9007-B08CDC3FCFE5}.Debug|Any CPU.ActiveCfg = Debug|Any CPU
		{CA4A37B7-D8D2-4877-9007-B08CDC3FCFE5}.Debug|Any CPU.Build.0 = Debug|Any CPU
		{CA4A37B7-D8D2-4877-9007-B08CDC3FCFE5}.Release|Any CPU.ActiveCfg = Release|Any CPU
		{CA4A37B7-D8D2-4877-9007-B08CDC3FCFE5}.Release|Any CPU.Build.0 = Release|Any CPU
		{1CA8E085-E0B7-4A0E-B294-EE77EDA06B43}.Debug|Any CPU.ActiveCfg = Debug|Any CPU
		{1CA8E085-E0B7-4A0E-B294-EE77EDA06B43}.Debug|Any CPU.Build.0 = Debug|Any CPU
		{1CA8E085-E0B7-4A0E-B294-EE77EDA06B43}.Release|Any CPU.ActiveCfg = Release|Any CPU
		{1CA8E085-E0B7-4A0E-B294-EE77EDA06B43}.Release|Any CPU.Build.0 = Release|Any CPU
	EndGlobalSection
EndGlobal
